
Microsoft Visual Studio Solution File, Format Version 12.00
# Visual Studio Version 17
VisualStudioVersion = 17.6.33829.357
MinimumVisualStudioVersion = 10.0.40219.1
Project("{9A19103F-16F7-4668-BE54-9A1E7A4F7556}") = "MyRoomApp", "MyRoomApp.csproj", "{1B0D3016-D137-48F7-8CAF-A3AB39F9C4DC}"
EndProject
Project("{9A19103F-16F7-4668-BE54-9A1E7A4F7556}") = "RoomApp.DataAccess", "..\RoomApp.DataAccess\RoomApp.DataAccess.csproj", "{CDCC1ABD-A9F7-42E2-BAEA-571EF808228D}"
EndProject
Project("{9A19103F-16F7-4668-BE54-9A1E7A4F7556}") = "RoomApp.Models", "..\RoomApp.Models\RoomApp.Models.csproj", "{D5287733-4562-4DA2-A3CC-A21BC46DA2E6}"
EndProject
Project("{FAE04EC0-301F-11D3-BF4B-00C04F79EFBC}") = "RoomApp.Utility", "..\RoomApp.Utility\RoomApp.Utility.csproj", "{67C2BE68-AE54-460C-95D9-E25066F20909}"
EndProject
Global
	GlobalSection(SolutionConfigurationPlatforms) = preSolution
		Debug|Any CPU = Debug|Any CPU
		Release|Any CPU = Release|Any CPU
	EndGlobalSection
	GlobalSection(ProjectConfigurationPlatforms) = postSolution
		{1B0D3016-D137-48F7-8CAF-A3AB39F9C4DC}.Debug|Any CPU.ActiveCfg = Debug|Any CPU
		{1B0D3016-D137-48F7-8CAF-A3AB39F9C4DC}.Debug|Any CPU.Build.0 = Debug|Any CPU
		{1B0D3016-D137-48F7-8CAF-A3AB39F9C4DC}.Release|Any CPU.ActiveCfg = Release|Any CPU
		{1B0D3016-D137-48F7-8CAF-A3AB39F9C4DC}.Release|Any CPU.Build.0 = Release|Any CPU
		{CDCC1ABD-A9F7-42E2-BAEA-571EF808228D}.Debug|Any CPU.ActiveCfg = Debug|Any CPU
		{CDCC1ABD-A9F7-42E2-BAEA-571EF808228D}.Debug|Any CPU.Build.0 = Debug|Any CPU
		{CDCC1ABD-A9F7-42E2-BAEA-571EF808228D}.Release|Any CPU.ActiveCfg = Release|Any CPU
		{CDCC1ABD-A9F7-42E2-BAEA-571EF808228D}.Release|Any CPU.Build.0 = Release|Any CPU
		{D5287733-4562-4DA2-A3CC-A21BC46DA2E6}.Debug|Any CPU.ActiveCfg = Debug|Any CPU
		{D5287733-4562-4DA2-A3CC-A21BC46DA2E6}.Debug|Any CPU.Build.0 = Debug|Any CPU
		{D5287733-4562-4DA2-A3CC-A21BC46DA2E6}.Release|Any CPU.ActiveCfg = Release|Any CPU
		{D5287733-4562-4DA2-A3CC-A21BC46DA2E6}.Release|Any CPU.Build.0 = Release|Any CPU
		{67C2BE68-AE54-460C-95D9-E25066F20909}.Debug|Any CPU.ActiveCfg = Debug|Any CPU
		{67C2BE68-AE54-460C-95D9-E25066F20909}.Debug|Any CPU.Build.0 = Debug|Any CPU
		{67C2BE68-AE54-460C-95D9-E25066F20909}.Release|Any CPU.ActiveCfg = Release|Any CPU
		{67C2BE68-AE54-460C-95D9-E25066F20909}.Release|Any CPU.Build.0 = Release|Any CPU
	EndGlobalSection
	GlobalSection(SolutionProperties) = preSolution
		HideSolutionNode = FALSE
	EndGlobalSection
	GlobalSection(ExtensibilityGlobals) = postSolution
		SolutionGuid = {CBC929AA-5E59-4EF7-B4D5-713FF99BD379}
	EndGlobalSection
EndGlobal
